{
    "_readme": [
        "This file locks the dependencies of your project to a known state",
        "Read more about it at https://getcomposer.org/doc/01-basic-usage.md#installing-dependencies",
        "This file is @generated automatically"
    ],
    "content-hash": "d170e73613e3a05add09d6269f07047b",
    "packages": [
        {
            "name": "packaged/remarkd",
            "version": "dev-main",
            "source": {
                "type": "git",
                "url": "https://github.com/packaged/remarkd.git",
                "reference": "8c34c2cce23e0bb48dbe885e88b44ffb59866ab1"
            },
            "dist": {
                "type": "zip",
                "url": "https://api.github.com/repos/packaged/remarkd/zipball/8c34c2cce23e0bb48dbe885e88b44ffb59866ab1",
                "reference": "8c34c2cce23e0bb48dbe885e88b44ffb59866ab1",
                "shasum": ""
            },
            "default-branch": true,
            "type": "library",
            "autoload": {
                "psr-4": {
                    "Packaged\\Remarkd\\": "src"
                }
            },
            "notification-url": "https://packagist.org/downloads/",
            "support": {
                "issues": "https://github.com/packaged/remarkd/issues",
                "source": "https://github.com/packaged/remarkd/tree/main"
            },
            "time": "2021-11-16T21:21:32+00:00"
        }
    ],
    "packages-dev": [],
    "aliases": [],
    "minimum-stability": "stable",
    "stability-flags": {
        "packaged/remarkd": 20
    },
    "prefer-stable": false,
    "prefer-lowest": false,
    "platform": [],
    "platform-dev": [],
    "plugin-api-version": "2.1.0"
}
